
Microsoft Visual Studio Solution File, Format Version 12.00
# Visual Studio Version 17
VisualStudioVersion = 17.0.31903.59
MinimumVisualStudioVersion = 10.0.40219.1
Project("{9A19103F-16F7-4668-BE54-9A1E7A4F7556}") = "WebApi", "WebApi\WebApi.csproj", "{10D8210F-8428-47A1-B440-D3A83D4CAEA7}"
EndProject
Project("{9A19103F-16F7-4668-BE54-9A1E7A4F7556}") = "Entities", "Entities\Entities.csproj", "{F95C4FFA-5EBC-432A-8EFD-2FA1F5DB77EB}"
EndProject
Project("{9A19103F-16F7-4668-BE54-9A1E7A4F7556}") = "Repositories", "Repositories\Repositories.csproj", "{21292A42-BB4B-4CE4-9704-F1A0570981F7}"
EndProject
Project("{9A19103F-16F7-4668-BE54-9A1E7A4F7556}") = "Services", "Services\Services.csproj", "{D76684AA-6C2F-44FB-8ADC-BDF49D3F92AC}"
EndProject
Project("{FAE04EC0-301F-11D3-BF4B-00C04F79EFBC}") = "Presentation", "Presentation\Presentation.csproj", "{19A44713-2091-4090-AFC6-2C6B40B609AD}"
EndProject
Global
	GlobalSection(SolutionConfigurationPlatforms) = preSolution
		Debug|Any CPU = Debug|Any CPU
		Release|Any CPU = Release|Any CPU
	EndGlobalSection
	GlobalSection(ProjectConfigurationPlatforms) = postSolution
		{10D8210F-8428-47A1-B440-D3A83D4CAEA7}.Debug|Any CPU.ActiveCfg = Debug|Any CPU
		{10D8210F-8428-47A1-B440-D3A83D4CAEA7}.Debug|Any CPU.Build.0 = Debug|Any CPU
		{10D8210F-8428-47A1-B440-D3A83D4CAEA7}.Release|Any CPU.ActiveCfg = Release|Any CPU
		{10D8210F-8428-47A1-B440-D3A83D4CAEA7}.Release|Any CPU.Build.0 = Release|Any CPU
		{F95C4FFA-5EBC-432A-8EFD-2FA1F5DB77EB}.Debug|Any CPU.ActiveCfg = Debug|Any CPU
		{F95C4FFA-5EBC-432A-8EFD-2FA1F5DB77EB}.Debug|Any CPU.Build.0 = Debug|Any CPU
		{F95C4FFA-5EBC-432A-8EFD-2FA1F5DB77EB}.Release|Any CPU.ActiveCfg = Release|Any CPU
		{F95C4FFA-5EBC-432A-8EFD-2FA1F5DB77EB}.Release|Any CPU.Build.0 = Release|Any CPU
		{21292A42-BB4B-4CE4-9704-F1A0570981F7}.Debug|Any CPU.ActiveCfg = Debug|Any CPU
		{21292A42-BB4B-4CE4-9704-F1A0570981F7}.Debug|Any CPU.Build.0 = Debug|Any CPU
		{21292A42-BB4B-4CE4-9704-F1A0570981F7}.Release|Any CPU.ActiveCfg = Release|Any CPU
		{21292A42-BB4B-4CE4-9704-F1A0570981F7}.Release|Any CPU.Build.0 = Release|Any CPU
		{D76684AA-6C2F-44FB-8ADC-BDF49D3F92AC}.Debug|Any CPU.ActiveCfg = Debug|Any CPU
		{D76684AA-6C2F-44FB-8ADC-BDF49D3F92AC}.Debug|Any CPU.Build.0 = Debug|Any CPU
		{D76684AA-6C2F-44FB-8ADC-BDF49D3F92AC}.Release|Any CPU.ActiveCfg = Release|Any CPU
		{D76684AA-6C2F-44FB-8ADC-BDF49D3F92AC}.Release|Any CPU.Build.0 = Release|Any CPU
		{19A44713-2091-4090-AFC6-2C6B40B609AD}.Debug|Any CPU.ActiveCfg = Debug|Any CPU
		{19A44713-2091-4090-AFC6-2C6B40B609AD}.Debug|Any CPU.Build.0 = Debug|Any CPU
		{19A44713-2091-4090-AFC6-2C6B40B609AD}.Release|Any CPU.ActiveCfg = Release|Any CPU
		{19A44713-2091-4090-AFC6-2C6B40B609AD}.Release|Any CPU.Build.0 = Release|Any CPU
	EndGlobalSection
	GlobalSection(SolutionProperties) = preSolution
		HideSolutionNode = FALSE
	EndGlobalSection
	GlobalSection(ExtensibilityGlobals) = postSolution
		SolutionGuid = {7DDA9CA4-0663-4366-8271-4EA9974B3374}
	EndGlobalSection
EndGlobal
